
Microsoft Visual Studio Solution File, Format Version 12.00
# Visual Studio Version 17
VisualStudioVersion = 17.4.33205.214
MinimumVisualStudioVersion = 10.0.40219.1
Project("{2150E333-8FDC-42A3-9474-1A3956D46DE8}") = "FrontEnd", "FrontEnd", "{3992D00D-C6DE-44D4-A226-4367933CC5F2}"
EndProject
Project("{2150E333-8FDC-42A3-9474-1A3956D46DE8}") = "Services", "Services", "{23047197-A060-4976-AA75-02F4AAC31E8A}"
EndProject
Project("{FAE04EC0-301F-11D3-BF4B-00C04F79EFBC}") = "GeekShopping.Web", "GeekShopping.Web\GeekShopping.Web.csproj", "{CBB42CA2-3499-46FF-AF49-460064CCBE04}"
EndProject
Global
	GlobalSection(SolutionConfigurationPlatforms) = preSolution
		Debug|Any CPU = Debug|Any CPU
		Release|Any CPU = Release|Any CPU
	EndGlobalSection
	GlobalSection(ProjectConfigurationPlatforms) = postSolution
		{CBB42CA2-3499-46FF-AF49-460064CCBE04}.Debug|Any CPU.ActiveCfg = Debug|Any CPU
		{CBB42CA2-3499-46FF-AF49-460064CCBE04}.Debug|Any CPU.Build.0 = Debug|Any CPU
		{CBB42CA2-3499-46FF-AF49-460064CCBE04}.Release|Any CPU.ActiveCfg = Release|Any CPU
		{CBB42CA2-3499-46FF-AF49-460064CCBE04}.Release|Any CPU.Build.0 = Release|Any CPU
	EndGlobalSection
	GlobalSection(SolutionProperties) = preSolution
		HideSolutionNode = FALSE
	EndGlobalSection
	GlobalSection(NestedProjects) = preSolution
		{CBB42CA2-3499-46FF-AF49-460064CCBE04} = {3992D00D-C6DE-44D4-A226-4367933CC5F2}
	EndGlobalSection
	GlobalSection(ExtensibilityGlobals) = postSolution
		SolutionGuid = {549D2513-5486-4618-A3C9-48C20747AE7F}
	EndGlobalSection
EndGlobal
